// !$*UTF8*$!
{
	archiveVersion = 1;
	classes = {
	};
	objectVersion = 50;
	objects = {

/* Begin PBXBuildFile section */
		9FDD205E26DD131300BC3DC5 /* demo2App.swift in Sources */ = {isa = PBXBuildFile; fileRef = 9FDD205D26DD131300BC3DC5 /* demo2App.swift */; };
		9FDD206026DD131300BC3DC5 /* ContentView.swift in Sources */ = {isa = PBXBuildFile; fileRef = 9FDD205F26DD131300BC3DC5 /* ContentView.swift */; };
		9FDD206226DD131400BC3DC5 /* Assets.xcassets in Resources */ = {isa = PBXBuildFile; fileRef = 9FDD206126DD131400BC3DC5 /* Assets.xcassets */; };
		9FDD206526DD131400BC3DC5 /* Preview Assets.xcassets in Resources */ = {isa = PBXBuildFile; fileRef = 9FDD206426DD131400BC3DC5 /* Preview Assets.xcassets */; };
		9FDD207026DD131400BC3DC5 /* demo2Tests.swift in Sources */ = {isa = PBXBuildFile; fileRef = 9FDD206F26DD131400BC3DC5 /* demo2Tests.swift */; };
		9FDD207B26DD131400BC3DC5 /* demo2UITests.swift in Sources */ = {isa = PBXBuildFile; fileRef = 9FDD207A26DD131400BC3DC5 /* demo2UITests.swift */; };
/* End PBXBuildFile section */

/* Begin PBXContainerItemProxy section */
		9FDD206C26DD131400BC3DC5 /* PBXContainerItemProxy */ = {
			isa = PBXContainerItemProxy;
			containerPortal = 9FDD205226DD131300BC3DC5 /* Project object */;
			proxyType = 1;
			remoteGlobalIDString = 9FDD205926DD131300BC3DC5;
			remoteInfo = demo2;
		};
		9FDD207726DD131400BC3DC5 /* PBXContainerItemProxy */ = {
			isa = PBXContainerItemProxy;
			containerPortal = 9FDD205226DD131300BC3DC5 /* Project object */;
			proxyType = 1;
			remoteGlobalIDString = 9FDD205926DD131300BC3DC5;
			remoteInfo = demo2;
		};
/* End PBXContainerItemProxy section */

/* Begin PBXFileReference section */
		9FDD205A26DD131300BC3DC5 /* demo2.app */ = {isa = PBXFileReference; explicitFileType = wrapper.application; includeInIndex = 0; path = demo2.app; sourceTree = BUILT_PRODUCTS_DIR; };
		9FDD205D26DD131300BC3DC5 /* demo2App.swift */ = {isa = PBXFileReference; lastKnownFileType = sourcecode.swift; path = demo2App.swift; sourceTree = "<group>"; };
		9FDD205F26DD131300BC3DC5 /* ContentView.swift */ = {isa = PBXFileReference; lastKnownFileType = sourcecode.swift; path = ContentView.swift; sourceTree = "<group>"; };
		9FDD206126DD131400BC3DC5 /* Assets.xcassets */ = {isa = PBXFileReference; lastKnownFileType = folder.assetcatalog; path = Assets.xcassets; sourceTree = "<group>"; };
		9FDD206426DD131400BC3DC5 /* Preview Assets.xcassets */ = {isa = PBXFileReference; lastKnownFileType = folder.assetcatalog; path = "Preview Assets.xcassets"; sourceTree = "<group>"; };
		9FDD206626DD131400BC3DC5 /* Info.plist */ = {isa = PBXFileReference; lastKnownFileType = text.plist.xml; path = Info.plist; sourceTree = "<group>"; };
		9FDD206B26DD131400BC3DC5 /* demo2Tests.xctest */ = {isa = PBXFileReference; explicitFileType = wrapper.cfbundle; includeInIndex = 0; path = demo2Tests.xctest; sourceTree = BUILT_PRODUCTS_DIR; };
		9FDD206F26DD131400BC3DC5 /* demo2Tests.swift */ = {isa = PBXFileReference; lastKnownFileType = sourcecode.swift; path = demo2Tests.swift; sourceTree = "<group>"; };
		9FDD207126DD131400BC3DC5 /* Info.plist */ = {isa = PBXFileReference; lastKnownFileType = text.plist.xml; path = Info.plist; sourceTree = "<group>"; };
		9FDD207626DD131400BC3DC5 /* demo2UITests.xctest */ = {isa = PBXFileReference; explicitFileType = wrapper.cfbundle; includeInIndex = 0; path = demo2UITests.xctest; sourceTree = BUILT_PRODUCTS_DIR; };
		9FDD207A26DD131400BC3DC5 /* demo2UITests.swift */ = {isa = PBXFileReference; lastKnownFileType = sourcecode.swift; path = demo2UITests.swift; sourceTree = "<group>"; };
		9FDD207C26DD131400BC3DC5 /* Info.plist */ = {isa = PBXFileReference; lastKnownFileType = text.plist.xml; path = Info.plist; sourceTree = "<group>"; };
/* End PBXFileReference section */

/* Begin PBXFrameworksBuildPhase section */
		9FDD205726DD131300BC3DC5 /* Frameworks */ = {
			isa = PBXFrameworksBuildPhase;
			buildActionMask = 2147483647;
			files = (
			);
			runOnlyForDeploymentPostprocessing = 0;
		};
		9FDD206826DD131400BC3DC5 /* Frameworks */ = {
			isa = PBXFrameworksBuildPhase;
			buildActionMask = 2147483647;
			files = (
			);
			runOnlyForDeploymentPostprocessing = 0;
		};
		9FDD207326DD131400BC3DC5 /* Frameworks */ = {
			isa = PBXFrameworksBuildPhase;
			buildActionMask = 2147483647;
			files = (
			);
			runOnlyForDeploymentPostprocessing = 0;
		};
/* End PBXFrameworksBuildPhase section */

/* Begin PBXGroup section */
		9FDD205126DD131300BC3DC5 = {
			isa = PBXGroup;
			children = (
				9FDD205C26DD131300BC3DC5 /* demo2 */,
				9FDD206E26DD131400BC3DC5 /* demo2Tests */,
				9FDD207926DD131400BC3DC5 /* demo2UITests */,
				9FDD205B26DD131300BC3DC5 /* Products */,
			);
			sourceTree = "<group>";
		};
		9FDD205B26DD131300BC3DC5 /* Products */ = {
			isa = PBXGroup;
			children = (
				9FDD205A26DD131300BC3DC5 /* demo2.app */,
				9FDD206B26DD131400BC3DC5 /* demo2Tests.xctest */,
				9FDD207626DD131400BC3DC5 /* demo2UITests.xctest */,
			);
			name = Products;
			sourceTree = "<group>";
		};
		9FDD205C26DD131300BC3DC5 /* demo2 */ = {
			isa = PBXGroup;
			children = (
				9FDD205D26DD131300BC3DC5 /* demo2App.swift */,
				9FDD205F26DD131300BC3DC5 /* ContentView.swift */,
				9FDD206126DD131400BC3DC5 /* Assets.xcassets */,
				9FDD206626DD131400BC3DC5 /* Info.plist */,
				9FDD206326DD131400BC3DC5 /* Preview Content */,
			);
			path = demo2;
			sourceTree = "<group>";
		};
		9FDD206326DD131400BC3DC5 /* Preview Content */ = {
			isa = PBXGroup;
			children = (
				9FDD206426DD131400BC3DC5 /* Preview Assets.xcassets */,
			);
			path = "Preview Content";
			sourceTree = "<group>";
		};
		9FDD206E26DD131400BC3DC5 /* demo2Tests */ = {
			isa = PBXGroup;
			children = (
				9FDD206F26DD131400BC3DC5 /* demo2Tests.swift */,
				9FDD207126DD131400BC3DC5 /* Info.plist */,
			);
			path = demo2Tests;
			sourceTree = "<group>";
		};
		9FDD207926DD131400BC3DC5 /* demo2UITests */ = {
			isa = PBXGroup;
			children = (
				9FDD207A26DD131400BC3DC5 /* demo2UITests.swift */,
				9FDD207C26DD131400BC3DC5 /* Info.plist */,
			);
			path = demo2UITests;
			sourceTree = "<group>";
		};
/* End PBXGroup section */

/* Begin PBXNativeTarget section */
		9FDD205926DD131300BC3DC5 /* demo2 */ = {
			isa = PBXNativeTarget;
			buildConfigurationList = 9FDD207F26DD131400BC3DC5 /* Build configuration list for PBXNativeTarget "demo2" */;
			buildPhases = (
				9FDD205626DD131300BC3DC5 /* Sources */,
				9FDD205726DD131300BC3DC5 /* Frameworks */,
				9FDD205826DD131300BC3DC5 /* Resources */,
			);
			buildRules = (
			);
			dependencies = (
			);
			name = demo2;
			productName = demo2;
			productReference = 9FDD205A26DD131300BC3DC5 /* demo2.app */;
			productType = "com.apple.product-type.application";
		};
		9FDD206A26DD131400BC3DC5 /* demo2Tests */ = {
			isa = PBXNativeTarget;
			buildConfigurationList = 9FDD208226DD131400BC3DC5 /* Build configuration list for PBXNativeTarget "demo2Tests" */;
			buildPhases = (
				9FDD206726DD131400BC3DC5 /* Sources */,
				9FDD206826DD131400BC3DC5 /* Frameworks */,
				9FDD206926DD131400BC3DC5 /* Resources */,
			);
			buildRules = (
			);
			dependencies = (
				9FDD206D26DD131400BC3DC5 /* PBXTargetDependency */,
			);
			name = demo2Tests;
			productName = demo2Tests;
			productReference = 9FDD206B26DD131400BC3DC5 /* demo2Tests.xctest */;
			productType = "com.apple.product-type.bundle.unit-test";
		};
		9FDD207526DD131400BC3DC5 /* demo2UITests */ = {
			isa = PBXNativeTarget;
			buildConfigurationList = 9FDD208526DD131400BC3DC5 /* Build configuration list for PBXNativeTarget "demo2UITests" */;
			buildPhases = (
				9FDD207226DD131400BC3DC5 /* Sources */,
				9FDD207326DD131400BC3DC5 /* Frameworks */,
				9FDD207426DD131400BC3DC5 /* Resources */,
			);
			buildRules = (
			);
			dependencies = (
				9FDD207826DD131400BC3DC5 /* PBXTargetDependency */,
			);
			name = demo2UITests;
			productName = demo2UITests;
			productReference = 9FDD207626DD131400BC3DC5 /* demo2UITests.xctest */;
			productType = "com.apple.product-type.bundle.ui-testing";
		};
/* End PBXNativeTarget section */

/* Begin PBXProject section */
		9FDD205226DD131300BC3DC5 /* Project object */ = {
			isa = PBXProject;
			attributes = {
				LastSwiftUpdateCheck = 1250;
				LastUpgradeCheck = 1250;
				TargetAttributes = {
					9FDD205926DD131300BC3DC5 = {
						CreatedOnToolsVersion = 12.5.1;
					};
					9FDD206A26DD131400BC3DC5 = {
						CreatedOnToolsVersion = 12.5.1;
						TestTargetID = 9FDD205926DD131300BC3DC5;
					};
					9FDD207526DD131400BC3DC5 = {
						CreatedOnToolsVersion = 12.5.1;
						TestTargetID = 9FDD205926DD131300BC3DC5;
					};
				};
			};
			buildConfigurationList = 9FDD205526DD131300BC3DC5 /* Build configuration list for PBXProject "demo2" */;
			compatibilityVersion = "Xcode 9.3";
			developmentRegion = en;
			hasScannedForEncodings = 0;
			knownRegions = (
				en,
				Base,
			);
			mainGroup = 9FDD205126DD131300BC3DC5;
			productRefGroup = 9FDD205B26DD131300BC3DC5 /* Products */;
			projectDirPath = "";
			projectRoot = "";
			targets = (
				9FDD205926DD131300BC3DC5 /* demo2 */,
				9FDD206A26DD131400BC3DC5 /* demo2Tests */,
				9FDD207526DD131400BC3DC5 /* demo2UITests */,
			);
		};
/* End PBXProject section */

/* Begin PBXResourcesBuildPhase section */
		9FDD205826DD131300BC3DC5 /* Resources */ = {
			isa = PBXResourcesBuildPhase;
			buildActionMask = 2147483647;
			files = (
				9FDD206526DD131400BC3DC5 /* Preview Assets.xcassets in Resources */,
				9FDD206226DD131400BC3DC5 /* Assets.xcassets in Resources */,
			);
			runOnlyForDeploymentPostprocessing = 0;
		};
		9FDD206926DD131400BC3DC5 /* Resources */ = {
			isa = PBXResourcesBuildPhase;
			buildActionMask = 2147483647;
			files = (
			);
			runOnlyForDeploymentPostprocessing = 0;
		};
		9FDD207426DD131400BC3DC5 /* Resources */ = {
			isa = PBXResourcesBuildPhase;
			buildActionMask = 2147483647;
			files = (
			);
			runOnlyForDeploymentPostprocessing = 0;
		};
/* End PBXResourcesBuildPhase section */

/* Begin PBXSourcesBuildPhase section */
		9FDD205626DD131300BC3DC5 /* Sources */ = {
			isa = PBXSourcesBuildPhase;
			buildActionMask = 2147483647;
			files = (
				9FDD206026DD131300BC3DC5 /* ContentView.swift in Sources */,
				9FDD205E26DD131300BC3DC5 /* demo2App.swift in Sources */,
			);
			runOnlyForDeploymentPostprocessing = 0;
		};
		9FDD206726DD131400BC3DC5 /* Sources */ = {
			isa = PBXSourcesBuildPhase;
			buildActionMask = 2147483647;
			files = (
				9FDD207026DD131400BC3DC5 /* demo2Tests.swift in Sources */,
			);
			runOnlyForDeploymentPostprocessing = 0;
		};
		9FDD207226DD131400BC3DC5 /* Sources */ = {
			isa = PBXSourcesBuildPhase;
			buildActionMask = 2147483647;
			files = (
				9FDD207B26DD131400BC3DC5 /* demo2UITests.swift in Sources */,
			);
			runOnlyForDeploymentPostprocessing = 0;
		};
/* End PBXSourcesBuildPhase section */

/* Begin PBXTargetDependency section */
		9FDD206D26DD131400BC3DC5 /* PBXTargetDependency */ = {
			isa = PBXTargetDependency;
			target = 9FDD205926DD131300BC3DC5 /* demo2 */;
			targetProxy = 9FDD206C26DD131400BC3DC5 /* PBXContainerItemProxy */;
		};
		9FDD207826DD131400BC3DC5 /* PBXTargetDependency */ = {
			isa = PBXTargetDependency;
			target = 9FDD205926DD131300BC3DC5 /* demo2 */;
			targetProxy = 9FDD207726DD131400BC3DC5 /* PBXContainerItemProxy */;
		};
/* End PBXTargetDependency section */

/* Begin XCBuildConfiguration section */
		9FDD207D26DD131400BC3DC5 /* Debug */ = {
			isa = XCBuildConfiguration;
			buildSettings = {
				ALWAYS_SEARCH_USER_PATHS = NO;
				CLANG_ANALYZER_NONNULL = YES;
				CLANG_ANALYZER_NUMBER_OBJECT_CONVERSION = YES_AGGRESSIVE;
				CLANG_CXX_LANGUAGE_STANDARD = "gnu++14";
				CLANG_CXX_LIBRARY = "libc++";
				CLANG_ENABLE_MODULES = YES;
				CLANG_ENABLE_OBJC_ARC = YES;
				CLANG_ENABLE_OBJC_WEAK = YES;
				CLANG_WARN_BLOCK_CAPTURE_AUTORELEASING = YES;
				CLANG_WARN_BOOL_CONVERSION = YES;
				CLANG_WARN_COMMA = YES;
				CLANG_WARN_CONSTANT_CONVERSION = YES;
				CLANG_WARN_DEPRECATED_OBJC_IMPLEMENTATIONS = YES;
				CLANG_WARN_DIRECT_OBJC_ISA_USAGE = YES_ERROR;
				CLANG_WARN_DOCUMENTATION_COMMENTS = YES;
				CLANG_WARN_EMPTY_BODY = YES;
				CLANG_WARN_ENUM_CONVERSION = YES;
				CLANG_WARN_INFINITE_RECURSION = YES;
				CLANG_WARN_INT_CONVERSION = YES;
				CLANG_WARN_NON_LITERAL_NULL_CONVERSION = YES;
				CLANG_WARN_OBJC_IMPLICIT_RETAIN_SELF = YES;
				CLANG_WARN_OBJC_LITERAL_CONVERSION = YES;
				CLANG_WARN_OBJC_ROOT_CLASS = YES_ERROR;
				CLANG_WARN_QUOTED_INCLUDE_IN_FRAMEWORK_HEADER = YES;
				CLANG_WARN_RANGE_LOOP_ANALYSIS = YES;
				CLANG_WARN_STRICT_PROTOTYPES = YES;
				CLANG_WARN_SUSPICIOUS_MOVE = YES;
				CLANG_WARN_UNGUARDED_AVAILABILITY = YES_AGGRESSIVE;
				CLANG_WARN_UNREACHABLE_CODE = YES;
				CLANG_WARN__DUPLICATE_METHOD_MATCH = YES;
				COPY_PHASE_STRIP = NO;
				DEBUG_INFORMATION_FORMAT = dwarf;
				ENABLE_STRICT_OBJC_MSGSEND = YES;
				ENABLE_TESTABILITY = YES;
				GCC_C_LANGUAGE_STANDARD = gnu11;
				GCC_DYNAMIC_NO_PIC = NO;
				GCC_NO_COMMON_BLOCKS = YES;
				GCC_OPTIMIZATION_LEVEL = 0;
				GCC_PREPROCESSOR_DEFINITIONS = (
					"DEBUG=1",
					"$(inherited)",
				);
				GCC_WARN_64_TO_32_BIT_CONVERSION = YES;
				GCC_WARN_ABOUT_RETURN_TYPE = YES_ERROR;
				GCC_WARN_UNDECLARED_SELECTOR = YES;
				GCC_WARN_UNINITIALIZED_AUTOS = YES_AGGRESSIVE;
				GCC_WARN_UNUSED_FUNCTION = YES;
				GCC_WARN_UNUSED_VARIABLE = YES;
				IPHONEOS_DEPLOYMENT_TARGET = 14.5;
				MTL_ENABLE_DEBUG_INFO = INCLUDE_SOURCE;
				MTL_FAST_MATH = YES;
				ONLY_ACTIVE_ARCH = YES;
				SDKROOT = iphoneos;
				SWIFT_ACTIVE_COMPILATION_CONDITIONS = DEBUG;
				SWIFT_OPTIMIZATION_LEVEL = "-Onone";
			};
			name = Debug;
		};
		9FDD207E26DD131400BC3DC5 /* Release */ = {
			isa = XCBuildConfiguration;
			buildSettings = {
				ALWAYS_SEARCH_USER_PATHS = NO;
				CLANG_ANALYZER_NONNULL = YES;
				CLANG_ANALYZER_NUMBER_OBJECT_CONVERSION = YES_AGGRESSIVE;
				CLANG_CXX_LANGUAGE_STANDARD = "gnu++14";
				CLANG_CXX_LIBRARY = "libc++";
				CLANG_ENABLE_MODULES = YES;
				CLANG_ENABLE_OBJC_ARC = YES;
				CLANG_ENABLE_OBJC_WEAK = YES;
				CLANG_WARN_BLOCK_CAPTURE_AUTORELEASING = YES;
				CLANG_WARN_BOOL_CONVERSION = YES;
				CLANG_WARN_COMMA = YES;
				CLANG_WARN_CONSTANT_CONVERSION = YES;
				CLANG_WARN_DEPRECATED_OBJC_IMPLEMENTATIONS = YES;
				CLANG_WARN_DIRECT_OBJC_ISA_USAGE = YES_ERROR;
				CLANG_WARN_DOCUMENTATION_COMMENTS = YES;
				CLANG_WARN_EMPTY_BODY = YES;
				CLANG_WARN_ENUM_CONVERSION = YES;
				CLANG_WARN_INFINITE_RECURSION = YES;
				CLANG_WARN_INT_CONVERSION = YES;
				CLANG_WARN_NON_LITERAL_NULL_CONVERSION = YES;
				CLANG_WARN_OBJC_IMPLICIT_RETAIN_SELF = YES;
				CLANG_WARN_OBJC_LITERAL_CONVERSION = YES;
				CLANG_WARN_OBJC_ROOT_CLASS = YES_ERROR;
				CLANG_WARN_QUOTED_INCLUDE_IN_FRAMEWORK_HEADER = YES;
				CLANG_WARN_RANGE_LOOP_ANALYSIS = YES;
				CLANG_WARN_STRICT_PROTOTYPES = YES;
				CLANG_WARN_SUSPICIOUS_MOVE = YES;
				CLANG_WARN_UNGUARDED_AVAILABILITY = YES_AGGRESSIVE;
				CLANG_WARN_UNREACHABLE_CODE = YES;
				CLANG_WARN__DUPLICATE_METHOD_MATCH = YES;
				COPY_PHASE_STRIP = NO;
				DEBUG_INFORMATION_FORMAT = "dwarf-with-dsym";
				ENABLE_NS_ASSERTIONS = NO;
				ENABLE_STRICT_OBJC_MSGSEND = YES;
				GCC_C_LANGUAGE_STANDARD = gnu11;
				GCC_NO_COMMON_BLOCKS = YES;
				GCC_WARN_64_TO_32_BIT_CONVERSION = YES;
				GCC_WARN_ABOUT_RETURN_TYPE = YES_ERROR;
				GCC_WARN_UNDECLARED_SELECTOR = YES;
				GCC_WARN_UNINITIALIZED_AUTOS = YES_AGGRESSIVE;
				GCC_WARN_UNUSED_FUNCTION = YES;
				GCC_WARN_UNUSED_VARIABLE = YES;
				IPHONEOS_DEPLOYMENT_TARGET = 14.5;
				MTL_ENABLE_DEBUG_INFO = NO;
				MTL_FAST_MATH = YES;
				SDKROOT = iphoneos;
				SWIFT_COMPILATION_MODE = wholemodule;
				SWIFT_OPTIMIZATION_LEVEL = "-O";
				VALIDATE_PRODUCT = YES;
			};
			name = Release;
		};
		9FDD208026DD131400BC3DC5 /* Debug */ = {
			isa = XCBuildConfiguration;
			buildSettings = {
				ASSETCATALOG_COMPILER_APPICON_NAME = AppIcon;
				ASSETCATALOG_COMPILER_GLOBAL_ACCENT_COLOR_NAME = AccentColor;
				CODE_SIGN_STYLE = Automatic;
				DEVELOPMENT_ASSET_PATHS = "\"demo2/Preview Content\"";
				ENABLE_PREVIEWS = YES;
				INFOPLIST_FILE = demo2/Info.plist;
				IPHONEOS_DEPLOYMENT_TARGET = 14.0;
				LD_RUNPATH_SEARCH_PATHS = (
					"$(inherited)",
					"@executable_path/Frameworks",
				);
				PRODUCT_BUNDLE_IDENTIFIER = jeff.demo2;
				PRODUCT_NAME = "$(TARGET_NAME)";
				SWIFT_VERSION = 5.0;
				TARGETED_DEVICE_FAMILY = "1,2";
			};
			name = Debug;
		};
		9FDD208126DD131400BC3DC5 /* Release */ = {
			isa = XCBuildConfiguration;
			buildSettings = {
				ASSETCATALOG_COMPILER_APPICON_NAME = AppIcon;
				ASSETCATALOG_COMPILER_GLOBAL_ACCENT_COLOR_NAME = AccentColor;
				CODE_SIGN_STYLE = Automatic;
				DEVELOPMENT_ASSET_PATHS = "\"demo2/Preview Content\"";
				ENABLE_PREVIEWS = YES;
				INFOPLIST_FILE = demo2/Info.plist;
				IPHONEOS_DEPLOYMENT_TARGET = 14.0;
				LD_RUNPATH_SEARCH_PATHS = (
					"$(inherited)",
					"@executable_path/Frameworks",
				);
				PRODUCT_BUNDLE_IDENTIFIER = jeff.demo2;
				PRODUCT_NAME = "$(TARGET_NAME)";
				SWIFT_VERSION = 5.0;
				TARGETED_DEVICE_FAMILY = "1,2";
			};
			name = Release;
		};
		9FDD208326DD131400BC3DC5 /* Debug */ = {
			isa = XCBuildConfiguration;
			buildSettings = {
				ALWAYS_EMBED_SWIFT_STANDARD_LIBRARIES = YES;
				BUNDLE_LOADER = "$(TEST_HOST)";
				CODE_SIGN_STYLE = Automatic;
				INFOPLIST_FILE = demo2Tests/Info.plist;
				IPHONEOS_DEPLOYMENT_TARGET = 14.0;
				LD_RUNPATH_SEARCH_PATHS = (
					"$(inherited)",
					"@executable_path/Frameworks",
					"@loader_path/Frameworks",
				);
				PRODUCT_BUNDLE_IDENTIFIER = jeff.demo2Tests;
				PRODUCT_NAME = "$(TARGET_NAME)";
				SWIFT_VERSION = 5.0;
				TARGETED_DEVICE_FAMILY = "1,2";
				TEST_HOST = "$(BUILT_PRODUCTS_DIR)/demo2.app/demo2";
			};
			name = Debug;
		};
		9FDD208426DD131400BC3DC5 /* Release */ = {
			isa = XCBuildConfiguration;
			buildSettings = {
				ALWAYS_EMBED_SWIFT_STANDARD_LIBRARIES = YES;
				BUNDLE_LOADER = "$(TEST_HOST)";
				CODE_SIGN_STYLE = Automatic;
				INFOPLIST_FILE = demo2Tests/Info.plist;
				IPHONEOS_DEPLOYMENT_TARGET = 14.0;
				LD_RUNPATH_SEARCH_PATHS = (
					"$(inherited)",
					"@executable_path/Frameworks",
					"@loader_path/Frameworks",
				);
				PRODUCT_BUNDLE_IDENTIFIER = jeff.demo2Tests;
				PRODUCT_NAME = "$(TARGET_NAME)";
				SWIFT_VERSION = 5.0;
				TARGETED_DEVICE_FAMILY = "1,2";
				TEST_HOST = "$(BUILT_PRODUCTS_DIR)/demo2.app/demo2";
			};
			name = Release;
		};
		9FDD208626DD131400BC3DC5 /* Debug */ = {
			isa = XCBuildConfiguration;
			buildSettings = {
				ALWAYS_EMBED_SWIFT_STANDARD_LIBRARIES = YES;
				CODE_SIGN_STYLE = Automatic;
				INFOPLIST_FILE = demo2UITests/Info.plist;
				LD_RUNPATH_SEARCH_PATHS = (
					"$(inherited)",
					"@executable_path/Frameworks",
					"@loader_path/Frameworks",
				);
				PRODUCT_BUNDLE_IDENTIFIER = jeff.demo2UITests;
				PRODUCT_NAME = "$(TARGET_NAME)";
				SWIFT_VERSION = 5.0;
				TARGETED_DEVICE_FAMILY = "1,2";
				TEST_TARGET_NAME = demo2;
			};
			name = Debug;
		};
		9FDD208726DD131400BC3DC5 /* Release */ = {
			isa = XCBuildConfiguration;
			buildSettings = {
				ALWAYS_EMBED_SWIFT_STANDARD_LIBRARIES = YES;
				CODE_SIGN_STYLE = Automatic;
				INFOPLIST_FILE = demo2UITests/Info.plist;
				LD_RUNPATH_SEARCH_PATHS = (
					"$(inherited)",
					"@executable_path/Frameworks",
					"@loader_path/Frameworks",
				);
				PRODUCT_BUNDLE_IDENTIFIER = jeff.demo2UITests;
				PRODUCT_NAME = "$(TARGET_NAME)";
				SWIFT_VERSION = 5.0;
				TARGETED_DEVICE_FAMILY = "1,2";
				TEST_TARGET_NAME = demo2;
			};
			name = Release;
		};
/* End XCBuildConfiguration section */

/* Begin XCConfigurationList section */
		9FDD205526DD131300BC3DC5 /* Build configuration list for PBXProject "demo2" */ = {
			isa = XCConfigurationList;
			buildConfigurations = (
				9FDD207D26DD131400BC3DC5 /* Debug */,
				9FDD207E26DD131400BC3DC5 /* Release */,
			);
			defaultConfigurationIsVisible = 0;
			defaultConfigurationName = Release;
		};
		9FDD207F26DD131400BC3DC5 /* Build configuration list for PBXNativeTarget "demo2" */ = {
			isa = XCConfigurationList;
			buildConfigurations = (
				9FDD208026DD131400BC3DC5 /* Debug */,
				9FDD208126DD131400BC3DC5 /* Release */,
			);
			defaultConfigurationIsVisible = 0;
			defaultConfigurationName = Release;
		};
		9FDD208226DD131400BC3DC5 /* Build configuration list for PBXNativeTarget "demo2Tests" */ = {
			isa = XCConfigurationList;
			buildConfigurations = (
				9FDD208326DD131400BC3DC5 /* Debug */,
				9FDD208426DD131400BC3DC5 /* Release */,
			);
			defaultConfigurationIsVisible = 0;
			defaultConfigurationName = Release;
		};
		9FDD208526DD131400BC3DC5 /* Build configuration list for PBXNativeTarget "demo2UITests" */ = {
			isa = XCConfigurationList;
			buildConfigurations = (
				9FDD208626DD131400BC3DC5 /* Debug */,
				9FDD208726DD131400BC3DC5 /* Release */,
			);
			defaultConfigurationIsVisible = 0;
			defaultConfigurationName = Release;
		};
/* End XCConfigurationList section */
	};
	rootObject = 9FDD205226DD131300BC3DC5 /* Project object */;
}
